
Microsoft Visual Studio Solution File, Format Version 9.00
# Visual Studio 2005
Project("{8BC9CEB8-8B4A-11D0-8D11-00A0C91BC942}") = "VS2005Project__HUD-ConsoleApplication", "VS2005Project__HUD-ConsoleApplication\VS2005Project__HUD-ConsoleApplication.vcproj", "{974B1A08-ECE7-40FA-8556-0F8B1F4E9865}"
EndProject
Global
	GlobalSection(SolutionConfigurationPlatforms) = preSolution
		Debug|Win32 = Debug|Win32
		Release|Win32 = Release|Win32
		VS2005Build|Win32 = VS2005Build|Win32
	EndGlobalSection
	GlobalSection(ProjectConfigurationPlatforms) = postSolution
		{974B1A08-ECE7-40FA-8556-0F8B1F4E9865}.Debug|Win32.ActiveCfg = Debug|Win32
		{974B1A08-ECE7-40FA-8556-0F8B1F4E9865}.Debug|Win32.Build.0 = Debug|Win32
		{974B1A08-ECE7-40FA-8556-0F8B1F4E9865}.Release|Win32.ActiveCfg = Release|Win32
		{974B1A08-ECE7-40FA-8556-0F8B1F4E9865}.Release|Win32.Build.0 = Release|Win32
		{974B1A08-ECE7-40FA-8556-0F8B1F4E9865}.VS2005Build|Win32.ActiveCfg = VS2005Build_Release|Win32
		{974B1A08-ECE7-40FA-8556-0F8B1F4E9865}.VS2005Build|Win32.Build.0 = VS2005Build_Release|Win32
	EndGlobalSection
	GlobalSection(SolutionProperties) = preSolution
		HideSolutionNode = FALSE
	EndGlobalSection
EndGlobal
